
Microsoft Visual Studio Solution File, Format Version 12.00
# Visual Studio 2012
Project("{FAE04EC0-301F-11D3-BF4B-00C04F79EFBC}") = "Test.App", "Test.App\Test.App.csproj", "{5396D080-88BC-40F2-B3F6-36B3B37EC557}"
	ProjectSection(ProjectDependencies) = postProject
		{D342E99E-770E-4196-9491-5B7922C99320} = {D342E99E-770E-4196-9491-5B7922C99320}
	EndProjectSection
EndProject
Project("{8BC9CEB8-8B4A-11D0-8D11-00A0C91BC942}") = "libmp3lame-static-wp8", "lame-3.99.5\libmp3lame-static-wp8\libmp3lame-static-wp8.vcxproj", "{D342E99E-770E-4196-9491-5B7922C99320}"
EndProject
Project("{8BC9CEB8-8B4A-11D0-8D11-00A0C91BC942}") = "LameDecoder", "LameDecoder\LameDecoder.vcxproj", "{4B3225E3-9741-4EBD-8112-D4F5F55F556C}"
	ProjectSection(ProjectDependencies) = postProject
		{D342E99E-770E-4196-9491-5B7922C99320} = {D342E99E-770E-4196-9491-5B7922C99320}
	EndProjectSection
EndProject
Project("{2150E333-8FDC-42A3-9474-1A3956D46DE8}") = "ID3Lib", "ID3Lib", "{2F39FC93-A53F-4CE5-A646-2D97156BB56A}"
EndProject
Project("{FAE04EC0-301F-11D3-BF4B-00C04F79EFBC}") = "Zlib.Portable", "ID3Lib_PCL\advancedrei-Zlib.Portable-c8b5304\src\Zlib.Portable\Zlib.Portable.csproj", "{AD1688BF-75A9-4C42-B6D0-40AA3B28A102}"
EndProject
Project("{FAE04EC0-301F-11D3-BF4B-00C04F79EFBC}") = "ID3Lib_PCL", "ID3Lib_PCL\ID3Lib_PCL\ID3Lib_PCL.csproj", "{A5D38C40-BAD9-410D-BC8F-21FC04017C28}"
EndProject
Global
	GlobalSection(SolutionConfigurationPlatforms) = preSolution
		Debug|Any CPU = Debug|Any CPU
		Debug|ARM = Debug|ARM
		Debug|Mixed Platforms = Debug|Mixed Platforms
		Debug|Win32 = Debug|Win32
		Debug|x86 = Debug|x86
		Release|Any CPU = Release|Any CPU
		Release|ARM = Release|ARM
		Release|Mixed Platforms = Release|Mixed Platforms
		Release|Win32 = Release|Win32
		Release|x86 = Release|x86
	EndGlobalSection
	GlobalSection(ProjectConfigurationPlatforms) = postSolution
		{5396D080-88BC-40F2-B3F6-36B3B37EC557}.Debug|Any CPU.ActiveCfg = Debug|Any CPU
		{5396D080-88BC-40F2-B3F6-36B3B37EC557}.Debug|Any CPU.Build.0 = Debug|Any CPU
		{5396D080-88BC-40F2-B3F6-36B3B37EC557}.Debug|Any CPU.Deploy.0 = Debug|Any CPU
		{5396D080-88BC-40F2-B3F6-36B3B37EC557}.Debug|ARM.ActiveCfg = Debug|x86
		{5396D080-88BC-40F2-B3F6-36B3B37EC557}.Debug|ARM.Build.0 = Debug|x86
		{5396D080-88BC-40F2-B3F6-36B3B37EC557}.Debug|ARM.Deploy.0 = Debug|x86
		{5396D080-88BC-40F2-B3F6-36B3B37EC557}.Debug|Mixed Platforms.ActiveCfg = Debug|x86
		{5396D080-88BC-40F2-B3F6-36B3B37EC557}.Debug|Mixed Platforms.Build.0 = Debug|x86
		{5396D080-88BC-40F2-B3F6-36B3B37EC557}.Debug|Mixed Platforms.Deploy.0 = Debug|x86
		{5396D080-88BC-40F2-B3F6-36B3B37EC557}.Debug|Win32.ActiveCfg = Debug|x86
		{5396D080-88BC-40F2-B3F6-36B3B37EC557}.Debug|Win32.Build.0 = Debug|x86
		{5396D080-88BC-40F2-B3F6-36B3B37EC557}.Debug|Win32.Deploy.0 = Debug|x86
		{5396D080-88BC-40F2-B3F6-36B3B37EC557}.Debug|x86.ActiveCfg = Debug|x86
		{5396D080-88BC-40F2-B3F6-36B3B37EC557}.Debug|x86.Build.0 = Debug|x86
		{5396D080-88BC-40F2-B3F6-36B3B37EC557}.Debug|x86.Deploy.0 = Debug|x86
		{5396D080-88BC-40F2-B3F6-36B3B37EC557}.Release|Any CPU.ActiveCfg = Release|Any CPU
		{5396D080-88BC-40F2-B3F6-36B3B37EC557}.Release|Any CPU.Build.0 = Release|Any CPU
		{5396D080-88BC-40F2-B3F6-36B3B37EC557}.Release|Any CPU.Deploy.0 = Release|Any CPU
		{5396D080-88BC-40F2-B3F6-36B3B37EC557}.Release|ARM.ActiveCfg = Release|ARM
		{5396D080-88BC-40F2-B3F6-36B3B37EC557}.Release|ARM.Build.0 = Release|ARM
		{5396D080-88BC-40F2-B3F6-36B3B37EC557}.Release|ARM.Deploy.0 = Release|ARM
		{5396D080-88BC-40F2-B3F6-36B3B37EC557}.Release|Mixed Platforms.ActiveCfg = Release|x86
		{5396D080-88BC-40F2-B3F6-36B3B37EC557}.Release|Mixed Platforms.Build.0 = Release|x86
		{5396D080-88BC-40F2-B3F6-36B3B37EC557}.Release|Mixed Platforms.Deploy.0 = Release|x86
		{5396D080-88BC-40F2-B3F6-36B3B37EC557}.Release|Win32.ActiveCfg = Release|x86
		{5396D080-88BC-40F2-B3F6-36B3B37EC557}.Release|Win32.Build.0 = Release|x86
		{5396D080-88BC-40F2-B3F6-36B3B37EC557}.Release|Win32.Deploy.0 = Release|x86
		{5396D080-88BC-40F2-B3F6-36B3B37EC557}.Release|x86.ActiveCfg = Release|x86
		{5396D080-88BC-40F2-B3F6-36B3B37EC557}.Release|x86.Build.0 = Release|x86
		{5396D080-88BC-40F2-B3F6-36B3B37EC557}.Release|x86.Deploy.0 = Release|x86
		{D342E99E-770E-4196-9491-5B7922C99320}.Debug|Any CPU.ActiveCfg = Debug|Win32
		{D342E99E-770E-4196-9491-5B7922C99320}.Debug|ARM.ActiveCfg = Debug|Win32
		{D342E99E-770E-4196-9491-5B7922C99320}.Debug|ARM.Build.0 = Debug|Win32
		{D342E99E-770E-4196-9491-5B7922C99320}.Debug|Mixed Platforms.ActiveCfg = Debug|Win32
		{D342E99E-770E-4196-9491-5B7922C99320}.Debug|Mixed Platforms.Build.0 = Debug|Win32
		{D342E99E-770E-4196-9491-5B7922C99320}.Debug|Win32.ActiveCfg = Debug|Win32
		{D342E99E-770E-4196-9491-5B7922C99320}.Debug|Win32.Build.0 = Debug|Win32
		{D342E99E-770E-4196-9491-5B7922C99320}.Debug|x86.ActiveCfg = Debug|Win32
		{D342E99E-770E-4196-9491-5B7922C99320}.Debug|x86.Build.0 = Debug|Win32
		{D342E99E-770E-4196-9491-5B7922C99320}.Release|Any CPU.ActiveCfg = Release|Win32
		{D342E99E-770E-4196-9491-5B7922C99320}.Release|ARM.ActiveCfg = Release|ARM
		{D342E99E-770E-4196-9491-5B7922C99320}.Release|ARM.Build.0 = Release|ARM
		{D342E99E-770E-4196-9491-5B7922C99320}.Release|Mixed Platforms.ActiveCfg = Release|Win32
		{D342E99E-770E-4196-9491-5B7922C99320}.Release|Mixed Platforms.Build.0 = Release|Win32
		{D342E99E-770E-4196-9491-5B7922C99320}.Release|Win32.ActiveCfg = Release|Win32
		{D342E99E-770E-4196-9491-5B7922C99320}.Release|Win32.Build.0 = Release|Win32
		{D342E99E-770E-4196-9491-5B7922C99320}.Release|x86.ActiveCfg = Release|Win32
		{D342E99E-770E-4196-9491-5B7922C99320}.Release|x86.Build.0 = Release|Win32
		{4B3225E3-9741-4EBD-8112-D4F5F55F556C}.Debug|Any CPU.ActiveCfg = Debug|Win32
		{4B3225E3-9741-4EBD-8112-D4F5F55F556C}.Debug|ARM.ActiveCfg = Debug|Win32
		{4B3225E3-9741-4EBD-8112-D4F5F55F556C}.Debug|ARM.Build.0 = Debug|Win32
		{4B3225E3-9741-4EBD-8112-D4F5F55F556C}.Debug|Mixed Platforms.ActiveCfg = Debug|Win32
		{4B3225E3-9741-4EBD-8112-D4F5F55F556C}.Debug|Mixed Platforms.Build.0 = Debug|Win32
		{4B3225E3-9741-4EBD-8112-D4F5F55F556C}.Debug|Win32.ActiveCfg = Debug|Win32
		{4B3225E3-9741-4EBD-8112-D4F5F55F556C}.Debug|Win32.Build.0 = Debug|Win32
		{4B3225E3-9741-4EBD-8112-D4F5F55F556C}.Debug|x86.ActiveCfg = Debug|Win32
		{4B3225E3-9741-4EBD-8112-D4F5F55F556C}.Debug|x86.Build.0 = Debug|Win32
		{4B3225E3-9741-4EBD-8112-D4F5F55F556C}.Release|Any CPU.ActiveCfg = Release|Win32
		{4B3225E3-9741-4EBD-8112-D4F5F55F556C}.Release|ARM.ActiveCfg = Release|ARM
		{4B3225E3-9741-4EBD-8112-D4F5F55F556C}.Release|ARM.Build.0 = Release|ARM
		{4B3225E3-9741-4EBD-8112-D4F5F55F556C}.Release|Mixed Platforms.ActiveCfg = Release|Win32
		{4B3225E3-9741-4EBD-8112-D4F5F55F556C}.Release|Mixed Platforms.Build.0 = Release|Win32
		{4B3225E3-9741-4EBD-8112-D4F5F55F556C}.Release|Win32.ActiveCfg = Release|Win32
		{4B3225E3-9741-4EBD-8112-D4F5F55F556C}.Release|Win32.Build.0 = Release|Win32
		{4B3225E3-9741-4EBD-8112-D4F5F55F556C}.Release|x86.ActiveCfg = Release|Win32
		{4B3225E3-9741-4EBD-8112-D4F5F55F556C}.Release|x86.Build.0 = Release|Win32
		{AD1688BF-75A9-4C42-B6D0-40AA3B28A102}.Debug|Any CPU.ActiveCfg = Debug|Any CPU
		{AD1688BF-75A9-4C42-B6D0-40AA3B28A102}.Debug|Any CPU.Build.0 = Debug|Any CPU
		{AD1688BF-75A9-4C42-B6D0-40AA3B28A102}.Debug|ARM.ActiveCfg = Debug|Any CPU
		{AD1688BF-75A9-4C42-B6D0-40AA3B28A102}.Debug|Mixed Platforms.ActiveCfg = Debug|Any CPU
		{AD1688BF-75A9-4C42-B6D0-40AA3B28A102}.Debug|Mixed Platforms.Build.0 = Debug|Any CPU
		{AD1688BF-75A9-4C42-B6D0-40AA3B28A102}.Debug|Win32.ActiveCfg = Debug|Any CPU
		{AD1688BF-75A9-4C42-B6D0-40AA3B28A102}.Debug|x86.ActiveCfg = Debug|Any CPU
		{AD1688BF-75A9-4C42-B6D0-40AA3B28A102}.Release|Any CPU.ActiveCfg = Release|Any CPU
		{AD1688BF-75A9-4C42-B6D0-40AA3B28A102}.Release|Any CPU.Build.0 = Release|Any CPU
		{AD1688BF-75A9-4C42-B6D0-40AA3B28A102}.Release|ARM.ActiveCfg = Release|Any CPU
		{AD1688BF-75A9-4C42-B6D0-40AA3B28A102}.Release|Mixed Platforms.ActiveCfg = Release|Any CPU
		{AD1688BF-75A9-4C42-B6D0-40AA3B28A102}.Release|Mixed Platforms.Build.0 = Release|Any CPU
		{AD1688BF-75A9-4C42-B6D0-40AA3B28A102}.Release|Win32.ActiveCfg = Release|Any CPU
		{AD1688BF-75A9-4C42-B6D0-40AA3B28A102}.Release|x86.ActiveCfg = Release|Any CPU
		{A5D38C40-BAD9-410D-BC8F-21FC04017C28}.Debug|Any CPU.ActiveCfg = Debug|Any CPU
		{A5D38C40-BAD9-410D-BC8F-21FC04017C28}.Debug|Any CPU.Build.0 = Debug|Any CPU
		{A5D38C40-BAD9-410D-BC8F-21FC04017C28}.Debug|ARM.ActiveCfg = Debug|Any CPU
		{A5D38C40-BAD9-410D-BC8F-21FC04017C28}.Debug|Mixed Platforms.ActiveCfg = Debug|Any CPU
		{A5D38C40-BAD9-410D-BC8F-21FC04017C28}.Debug|Mixed Platforms.Build.0 = Debug|Any CPU
		{A5D38C40-BAD9-410D-BC8F-21FC04017C28}.Debug|Win32.ActiveCfg = Debug|Any CPU
		{A5D38C40-BAD9-410D-BC8F-21FC04017C28}.Debug|x86.ActiveCfg = Debug|Any CPU
		{A5D38C40-BAD9-410D-BC8F-21FC04017C28}.Release|Any CPU.ActiveCfg = Release|Any CPU
		{A5D38C40-BAD9-410D-BC8F-21FC04017C28}.Release|Any CPU.Build.0 = Release|Any CPU
		{A5D38C40-BAD9-410D-BC8F-21FC04017C28}.Release|ARM.ActiveCfg = Release|Any CPU
		{A5D38C40-BAD9-410D-BC8F-21FC04017C28}.Release|Mixed Platforms.ActiveCfg = Release|Any CPU
		{A5D38C40-BAD9-410D-BC8F-21FC04017C28}.Release|Mixed Platforms.Build.0 = Release|Any CPU
		{A5D38C40-BAD9-410D-BC8F-21FC04017C28}.Release|Win32.ActiveCfg = Release|Any CPU
		{A5D38C40-BAD9-410D-BC8F-21FC04017C28}.Release|x86.ActiveCfg = Release|Any CPU
	EndGlobalSection
	GlobalSection(SolutionProperties) = preSolution
		HideSolutionNode = FALSE
	EndGlobalSection
	GlobalSection(NestedProjects) = preSolution
		{AD1688BF-75A9-4C42-B6D0-40AA3B28A102} = {2F39FC93-A53F-4CE5-A646-2D97156BB56A}
		{A5D38C40-BAD9-410D-BC8F-21FC04017C28} = {2F39FC93-A53F-4CE5-A646-2D97156BB56A}
	EndGlobalSection
EndGlobal
