
Microsoft Visual Studio Solution File, Format Version 12.00
# Visual Studio 2012
Project("{FAE04EC0-301F-11D3-BF4B-00C04F79EFBC}") = "ID3Lib_PCL", "ID3Lib_PCL\ID3Lib_PCL.csproj", "{A5D38C40-BAD9-410D-BC8F-21FC04017C28}"
EndProject
Project("{FAE04EC0-301F-11D3-BF4B-00C04F79EFBC}") = "Zlib.Portable", "advancedrei-Zlib.Portable-c8b5304\src\Zlib.Portable\Zlib.Portable.csproj", "{AD1688BF-75A9-4C42-B6D0-40AA3B28A102}"
EndProject
Global
	GlobalSection(SolutionConfigurationPlatforms) = preSolution
		Debug|Any CPU = Debug|Any CPU
		Release|Any CPU = Release|Any CPU
	EndGlobalSection
	GlobalSection(ProjectConfigurationPlatforms) = postSolution
		{A5D38C40-BAD9-410D-BC8F-21FC04017C28}.Debug|Any CPU.ActiveCfg = Debug|Any CPU
		{A5D38C40-BAD9-410D-BC8F-21FC04017C28}.Debug|Any CPU.Build.0 = Debug|Any CPU
		{A5D38C40-BAD9-410D-BC8F-21FC04017C28}.Release|Any CPU.ActiveCfg = Release|Any CPU
		{A5D38C40-BAD9-410D-BC8F-21FC04017C28}.Release|Any CPU.Build.0 = Release|Any CPU
		{AD1688BF-75A9-4C42-B6D0-40AA3B28A102}.Debug|Any CPU.ActiveCfg = Debug|Any CPU
		{AD1688BF-75A9-4C42-B6D0-40AA3B28A102}.Debug|Any CPU.Build.0 = Debug|Any CPU
		{AD1688BF-75A9-4C42-B6D0-40AA3B28A102}.Release|Any CPU.ActiveCfg = Release|Any CPU
		{AD1688BF-75A9-4C42-B6D0-40AA3B28A102}.Release|Any CPU.Build.0 = Release|Any CPU
	EndGlobalSection
	GlobalSection(SolutionProperties) = preSolution
		HideSolutionNode = FALSE
	EndGlobalSection
EndGlobal
